{
  "lockfileVersion": 1,
  "configVersion": 0,
  "workspaces": {
    "": {
      "name": "filtarr",
      "dependencies": {
        "got": "^14.6.5",
        "itty-router": "^5.0.22",
        "p-queue": "^9.0.1",
        "zod": "^4.2.1",
      },
      "devDependencies": {
        "@biomejs/biome": "2.3.10",
        "@types/bun": "latest",
      },
      "peerDependencies": {
        "typescript": "^5",
      },
    },
  },
  "packages": {
    "@biomejs/biome": ["@biomejs/biome@2.3.10", "", { "optionalDependencies": { "@biomejs/cli-darwin-arm64": "2.3.10", "@biomejs/cli-darwin-x64": "2.3.10", "@biomejs/cli-linux-arm64": "2.3.10", "@biomejs/cli-linux-arm64-musl": "2.3.10", "@biomejs/cli-linux-x64": "2.3.10", "@biomejs/cli-linux-x64-musl": "2.3.10", "@biomejs/cli-win32-arm64": "2.3.10", "@biomejs/cli-win32-x64": "2.3.10" }, "bin": { "biome": "bin/biome" } }, "sha512-/uWSUd1MHX2fjqNLHNL6zLYWBbrJeG412/8H7ESuK8ewoRoMPUgHDebqKrPTx/5n6f17Xzqc9hdg3MEqA5hXnQ=="],

    "@biomejs/cli-darwin-arm64": ["@biomejs/cli-darwin-arm64@2.3.10", "", { "os": "darwin", "cpu": "arm64" }, "sha512-M6xUjtCVnNGFfK7HMNKa593nb7fwNm43fq1Mt71kpLpb+4mE7odO8W/oWVDyBVO4ackhresy1ZYO7OJcVo/B7w=="],

    "@biomejs/cli-darwin-x64": ["@biomejs/cli-darwin-x64@2.3.10", "", { "os": "darwin", "cpu": "x64" }, "sha512-Vae7+V6t/Avr8tVbFNjnFSTKZogZHFYl7MMH62P/J1kZtr0tyRQ9Fe0onjqjS2Ek9lmNLmZc/VR5uSekh+p1fg=="],

    "@biomejs/cli-linux-arm64": ["@biomejs/cli-linux-arm64@2.3.10", "", { "os": "linux", "cpu": "arm64" }, "sha512-hhPw2V3/EpHKsileVOFynuWiKRgFEV48cLe0eA+G2wO4SzlwEhLEB9LhlSrVeu2mtSn205W283LkX7Fh48CaxA=="],

    "@biomejs/cli-linux-arm64-musl": ["@biomejs/cli-linux-arm64-musl@2.3.10", "", { "os": "linux", "cpu": "arm64" }, "sha512-B9DszIHkuKtOH2IFeeVkQmSMVUjss9KtHaNXquYYWCjH8IstNgXgx5B0aSBQNr6mn4RcKKRQZXn9Zu1rM3O0/A=="],

    "@biomejs/cli-linux-x64": ["@biomejs/cli-linux-x64@2.3.10", "", { "os": "linux", "cpu": "x64" }, "sha512-wwAkWD1MR95u+J4LkWP74/vGz+tRrIQvr8kfMMJY8KOQ8+HMVleREOcPYsQX82S7uueco60L58Wc6M1I9WA9Dw=="],

    "@biomejs/cli-linux-x64-musl": ["@biomejs/cli-linux-x64-musl@2.3.10", "", { "os": "linux", "cpu": "x64" }, "sha512-QTfHZQh62SDFdYc2nfmZFuTm5yYb4eO1zwfB+90YxUumRCR171tS1GoTX5OD0wrv4UsziMPmrePMtkTnNyYG3g=="],

    "@biomejs/cli-win32-arm64": ["@biomejs/cli-win32-arm64@2.3.10", "", { "os": "win32", "cpu": "arm64" }, "sha512-o7lYc9n+CfRbHvkjPhm8s9FgbKdYZu5HCcGVMItLjz93EhgJ8AM44W+QckDqLA9MKDNFrR8nPbO4b73VC5kGGQ=="],

    "@biomejs/cli-win32-x64": ["@biomejs/cli-win32-x64@2.3.10", "", { "os": "win32", "cpu": "x64" }, "sha512-pHEFgq7dUEsKnqG9mx9bXihxGI49X+ar+UBrEIj3Wqj3UCZp1rNgV+OoyjFgcXsjCWpuEAF4VJdkZr3TrWdCbQ=="],

    "@keyv/serialize": ["@keyv/serialize@1.1.1", "", {}, "sha512-dXn3FZhPv0US+7dtJsIi2R+c7qWYiReoEh5zUntWCf4oSpMNib8FDhSoed6m3QyZdx5hK7iLFkYk3rNxwt8vTA=="],

    "@sec-ant/readable-stream": ["@sec-ant/readable-stream@0.4.1", "", {}, "sha512-831qok9r2t8AlxLko40y2ebgSDhenenCatLVeW/uBtnHPyhHOvG0C7TvfgecV+wHzIm5KUICgzmVpWS+IMEAeg=="],

    "@sindresorhus/is": ["@sindresorhus/is@7.1.1", "", {}, "sha512-rO92VvpgMc3kfiTjGT52LEtJ8Yc5kCWhZjLQ3LwlA4pSgPpQO7bVpYXParOD8Jwf+cVQECJo3yP/4I8aZtUQTQ=="],

    "@types/bun": ["@types/bun@1.3.5", "", { "dependencies": { "bun-types": "1.3.5" } }, "sha512-RnygCqNrd3srIPEWBd5LFeUYG7plCoH2Yw9WaZGyNmdTEei+gWaHqydbaIRkIkcbXwhBT94q78QljxN0Sk838w=="],

    "@types/http-cache-semantics": ["@types/http-cache-semantics@4.0.4", "", {}, "sha512-1m0bIFVc7eJWyve9S0RnuRgcQqF/Xd5QsUZAZeQFr1Q3/p9JWoQQEqmVy+DPTNpGXwhgIetAoYF8JSc33q29QA=="],

    "@types/node": ["@types/node@25.0.3", "", { "dependencies": { "undici-types": "~7.16.0" } }, "sha512-W609buLVRVmeW693xKfzHeIV6nJGGz98uCPfeXI1ELMLXVeKYZ9m15fAMSaUPBHYLGFsVRcMmSCksQOrZV9BYA=="],

    "bun-types": ["bun-types@1.3.5", "", { "dependencies": { "@types/node": "*" } }, "sha512-inmAYe2PFLs0SUbFOWSVD24sg1jFlMPxOjOSSCYqUgn4Hsc3rDc7dFvfVYjFPNHtov6kgUeulV4SxbuIV/stPw=="],

    "byte-counter": ["byte-counter@0.1.0", "", {}, "sha512-jheRLVMeUKrDBjVw2O5+k4EvR4t9wtxHL+bo/LxfkxsVeuGMy3a5SEGgXdAFA4FSzTrU8rQXQIrsZ3oBq5a0pQ=="],

    "cacheable-lookup": ["cacheable-lookup@7.0.0", "", {}, "sha512-+qJyx4xiKra8mZrcwhjMRMUhD5NR1R8esPkzIYxX96JiecFoxAXFuz/GpR3+ev4PE1WamHip78wV0vcmPQtp8w=="],

    "cacheable-request": ["cacheable-request@13.0.17", "", { "dependencies": { "@types/http-cache-semantics": "^4.0.4", "get-stream": "^9.0.1", "http-cache-semantics": "^4.2.0", "keyv": "^5.5.4", "mimic-response": "^4.0.0", "normalize-url": "^8.1.0", "responselike": "^4.0.2" } }, "sha512-tQm7K9zC0cJPpbJS8xZ+NUqJ1bZ78jEXc7/G8uqvQTSdEdbmrxdnvxGb7/piCPeICuRY/L82VVt8UA+qpJ8wyw=="],

    "decompress-response": ["decompress-response@10.0.0", "", { "dependencies": { "mimic-response": "^4.0.0" } }, "sha512-oj7KWToJuuxlPr7VV0vabvxEIiqNMo+q0NueIiL3XhtwC6FVOX7Hr1c0C4eD0bmf7Zr+S/dSf2xvkH3Ad6sU3Q=="],

    "eventemitter3": ["eventemitter3@5.0.1", "", {}, "sha512-GWkBvjiSZK87ELrYOSESUYeVIc9mvLLf/nXalMOS5dYrgZq9o5OVkbZAVM06CVxYsCwH9BDZFPlQTlPA1j4ahA=="],

    "form-data-encoder": ["form-data-encoder@4.1.0", "", {}, "sha512-G6NsmEW15s0Uw9XnCg+33H3ViYRyiM0hMrMhhqQOR8NFc5GhYrI+6I3u7OTw7b91J2g8rtvMBZJDbcGb2YUniw=="],

    "get-stream": ["get-stream@9.0.1", "", { "dependencies": { "@sec-ant/readable-stream": "^0.4.1", "is-stream": "^4.0.1" } }, "sha512-kVCxPF3vQM/N0B1PmoqVUqgHP+EeVjmZSQn+1oCRPxd2P21P2F19lIgbR3HBosbB1PUhOAoctJnfEn2GbN2eZA=="],

    "got": ["got@14.6.5", "", { "dependencies": { "@sindresorhus/is": "^7.0.1", "byte-counter": "^0.1.0", "cacheable-lookup": "^7.0.0", "cacheable-request": "^13.0.12", "decompress-response": "^10.0.0", "form-data-encoder": "^4.0.2", "http2-wrapper": "^2.2.1", "keyv": "^5.5.3", "lowercase-keys": "^3.0.0", "p-cancelable": "^4.0.1", "responselike": "^4.0.2", "type-fest": "^4.26.1" } }, "sha512-Su87c0NNeg97de1sO02gy9I8EmE7DCJ1gzcFLcgGpYeq2PnLg4xz73MWrp6HjqbSsjb6Glf4UBDW6JNyZA6uSg=="],

    "http-cache-semantics": ["http-cache-semantics@4.2.0", "", {}, "sha512-dTxcvPXqPvXBQpq5dUr6mEMJX4oIEFv6bwom3FDwKRDsuIjjJGANqhBuoAn9c1RQJIdAKav33ED65E2ys+87QQ=="],

    "http2-wrapper": ["http2-wrapper@2.2.1", "", { "dependencies": { "quick-lru": "^5.1.1", "resolve-alpn": "^1.2.0" } }, "sha512-V5nVw1PAOgfI3Lmeaj2Exmeg7fenjhRUgz1lPSezy1CuhPYbgQtbQj4jZfEAEMlaL+vupsvhjqCyjzob0yxsmQ=="],

    "is-stream": ["is-stream@4.0.1", "", {}, "sha512-Dnz92NInDqYckGEUJv689RbRiTSEHCQ7wOVeALbkOz999YpqT46yMRIGtSNl2iCL1waAZSx40+h59NV/EwzV/A=="],

    "itty-router": ["itty-router@5.0.22", "", {}, "sha512-9hmdGErWdYDOurGYxSbqLhy4EFReIwk71hMZTJ5b+zfa2zjMNV1ftFno2b8VjAQvX615gNB8Qxbl9JMRqHnIVA=="],

    "keyv": ["keyv@5.5.5", "", { "dependencies": { "@keyv/serialize": "^1.1.1" } }, "sha512-FA5LmZVF1VziNc0bIdCSA1IoSVnDCqE8HJIZZv2/W8YmoAM50+tnUgJR/gQZwEeIMleuIOnRnHA/UaZRNeV4iQ=="],

    "lowercase-keys": ["lowercase-keys@3.0.0", "", {}, "sha512-ozCC6gdQ+glXOQsveKD0YsDy8DSQFjDTz4zyzEHNV5+JP5D62LmfDZ6o1cycFx9ouG940M5dE8C8CTewdj2YWQ=="],

    "mimic-response": ["mimic-response@4.0.0", "", {}, "sha512-e5ISH9xMYU0DzrT+jl8q2ze9D6eWBto+I8CNpe+VI+K2J/F/k3PdkdTdz4wvGVH4NTpo+NRYTVIuMQEMMcsLqg=="],

    "normalize-url": ["normalize-url@8.1.0", "", {}, "sha512-X06Mfd/5aKsRHc0O0J5CUedwnPmnDtLF2+nq+KN9KSDlJHkPuh0JUviWjEWMe0SW/9TDdSLVPuk7L5gGTIA1/w=="],

    "p-cancelable": ["p-cancelable@4.0.1", "", {}, "sha512-wBowNApzd45EIKdO1LaU+LrMBwAcjfPaYtVzV3lmfM3gf8Z4CHZsiIqlM8TZZ8okYvh5A1cP6gTfCRQtwUpaUg=="],

    "p-queue": ["p-queue@9.0.1", "", { "dependencies": { "eventemitter3": "^5.0.1", "p-timeout": "^7.0.0" } }, "sha512-RhBdVhSwJb7Ocn3e8ULk4NMwBEuOxe+1zcgphUy9c2e5aR/xbEsdVXxHJ3lynw6Qiqu7OINEyHlZkiblEpaq7w=="],

    "p-timeout": ["p-timeout@7.0.1", "", {}, "sha512-AxTM2wDGORHGEkPCt8yqxOTMgpfbEHqF51f/5fJCmwFC3C/zNcGT63SymH2ttOAaiIws2zVg4+izQCjrakcwHg=="],

    "quick-lru": ["quick-lru@5.1.1", "", {}, "sha512-WuyALRjWPDGtt/wzJiadO5AXY+8hZ80hVpe6MyivgraREW751X3SbhRvG3eLKOYN+8VEvqLcf3wdnt44Z4S4SA=="],

    "resolve-alpn": ["resolve-alpn@1.2.1", "", {}, "sha512-0a1F4l73/ZFZOakJnQ3FvkJ2+gSTQWz/r2KE5OdDY0TxPm5h4GkqkWWfM47T7HsbnOtcJVEF4epCVy6u7Q3K+g=="],

    "responselike": ["responselike@4.0.2", "", { "dependencies": { "lowercase-keys": "^3.0.0" } }, "sha512-cGk8IbWEAnaCpdAt1BHzJ3Ahz5ewDJa0KseTsE3qIRMJ3C698W8psM7byCeWVpd/Ha7FUYzuRVzXoKoM6nRUbA=="],

    "type-fest": ["type-fest@4.41.0", "", {}, "sha512-TeTSQ6H5YHvpqVwBRcnLDCBnDOHWYu7IvGbHT6N8AOymcr9PJGjc1GTtiWZTYg0NCgYwvnYWEkVChQAr9bjfwA=="],

    "typescript": ["typescript@5.9.3", "", { "bin": { "tsc": "bin/tsc", "tsserver": "bin/tsserver" } }, "sha512-jl1vZzPDinLr9eUt3J/t7V6FgNEw9QjvBPdysz9KfQDD41fQrC2Y4vKQdiaUpFT4bXlb1RHhLpp8wtm6M5TgSw=="],

    "undici-types": ["undici-types@7.16.0", "", {}, "sha512-Zz+aZWSj8LE6zoxD+xrjh4VfkIG8Ya6LvYkZqtUQGJPZjYl53ypCaUwWqo7eI0x66KBGeRo+mlBEkMSeSZ38Nw=="],

    "zod": ["zod@4.2.1", "", {}, "sha512-0wZ1IRqGGhMP76gLqz8EyfBXKk0J2qo2+H3fi4mcUP/KtTocoX08nmIAHl1Z2kJIZbZee8KOpBCSNPRgauucjw=="],
  }
}
